
Microsoft Visual Studio Solution File, Format Version 12.00
# Visual Studio Version 17
VisualStudioVersion = 17.5.002.0
MinimumVisualStudioVersion = 10.0.40219.1
Project("{2150E333-8FDC-42A3-9474-1A3956D46DE8}") = "csharp-prep", "csharp-prep", "{F3FF9BF5-F255-4246-B2B0-CCF98C9823A4}"
EndProject
Project("{9A19103F-16F7-4668-BE54-9A1E7A4F7556}") = "Prep1", "csharp-prep\Prep1\Prep1.csproj", "{5CEF926F-9C6D-485C-BE9F-EE71E4EA7DC1}"
EndProject
Project("{9A19103F-16F7-4668-BE54-9A1E7A4F7556}") = "Prep2", "csharp-prep\Prep2\Prep2.csproj", "{EDEE2F12-7092-4030-BCBE-1CC362511B0C}"
EndProject
Project("{9A19103F-16F7-4668-BE54-9A1E7A4F7556}") = "Prep3", "csharp-prep\Prep3\Prep3.csproj", "{42F1D123-251D-4204-A442-01914AE4C514}"
EndProject
Project("{9A19103F-16F7-4668-BE54-9A1E7A4F7556}") = "Prep4", "csharp-prep\Prep4\Prep4.csproj", "{405EBA16-FFF3-42FA-ADD3-0A924473893B}"
EndProject
Project("{9A19103F-16F7-4668-BE54-9A1E7A4F7556}") = "Prep5", "csharp-prep\Prep5\Prep5.csproj", "{2EB92BE2-9007-446A-A00F-6906492914B2}"
EndProject
Project("{2150E333-8FDC-42A3-9474-1A3956D46DE8}") = "final", "final", "{B468635D-AAC5-4D6E-804C-3F745908D8F0}"
EndProject
Project("{9A19103F-16F7-4668-BE54-9A1E7A4F7556}") = "FinalProject", "final\FinalProject\FinalProject.csproj", "{EFFB5FF6-A2F4-49EF-B965-74D89C22C954}"
EndProject
Project("{9A19103F-16F7-4668-BE54-9A1E7A4F7556}") = "Foundation1", "final\Foundation1\Foundation1.csproj", "{3EA4C7F8-C1B1-40E9-843D-3B362DE721FF}"
EndProject
Project("{9A19103F-16F7-4668-BE54-9A1E7A4F7556}") = "Foundation2", "final\Foundation2\Foundation2.csproj", "{B3096D9A-4DAB-41A3-8F0B-45709CE433D3}"
EndProject
Project("{9A19103F-16F7-4668-BE54-9A1E7A4F7556}") = "Foundation3", "final\Foundation3\Foundation3.csproj", "{7A6FBC20-1B4B-47B7-BB22-EE24BC178969}"
EndProject
Project("{9A19103F-16F7-4668-BE54-9A1E7A4F7556}") = "Foundation4", "final\Foundation4\Foundation4.csproj", "{C1F87E2E-78EA-4826-B162-B8CE174C990E}"
EndProject
Project("{2150E333-8FDC-42A3-9474-1A3956D46DE8}") = "prepare", "prepare", "{8CFB539F-CFB5-415C-89A8-44ADE730782A}"
EndProject
Project("{9A19103F-16F7-4668-BE54-9A1E7A4F7556}") = "Learning02", "prepare\Learning02\Learning02.csproj", "{19B6593D-8051-4E49-8E21-6AC179C2D71F}"
EndProject
Project("{9A19103F-16F7-4668-BE54-9A1E7A4F7556}") = "Learning03", "prepare\Learning03\Learning03.csproj", "{AB4F65F1-A6C2-44D3-A132-930F02EC5E8C}"
EndProject
Project("{9A19103F-16F7-4668-BE54-9A1E7A4F7556}") = "Learning04", "prepare\Learning04\Learning04.csproj", "{CA67C551-0F36-478B-B1F8-75DE90403F87}"
EndProject
Project("{9A19103F-16F7-4668-BE54-9A1E7A4F7556}") = "Learning05", "prepare\Learning05\Learning05.csproj", "{53520689-3D87-478A-A61C-479FAF281F7D}"
EndProject
Project("{2150E333-8FDC-42A3-9474-1A3956D46DE8}") = "prove", "prove", "{BD716F51-5781-4AFA-8236-2D765C2678B6}"
EndProject
Project("{9A19103F-16F7-4668-BE54-9A1E7A4F7556}") = "Develop02", "prove\Develop02\Develop02.csproj", "{088DEBFE-182C-415A-846E-A3A571AE1016}"
EndProject
Project("{9A19103F-16F7-4668-BE54-9A1E7A4F7556}") = "Develop03", "prove\Develop03\Develop03.csproj", "{47151CD4-766A-4F94-9786-8F4ACEE3A61B}"
EndProject
Project("{9A19103F-16F7-4668-BE54-9A1E7A4F7556}") = "Develop04", "prove\Develop04\Develop04.csproj", "{70F64495-23C4-4087-8090-AEE1CDED10AB}"
EndProject
Project("{9A19103F-16F7-4668-BE54-9A1E7A4F7556}") = "Develop05", "prove\Develop05\Develop05.csproj", "{2C2E0F24-A038-4987-81DF-0ED04CDB29CD}"
EndProject
Project("{2150E333-8FDC-42A3-9474-1A3956D46DE8}") = "sandbox", "sandbox", "{4461BFFB-F6E1-4977-9B64-FFC63E30FA35}"
EndProject
Project("{9A19103F-16F7-4668-BE54-9A1E7A4F7556}") = "Sandbox", "sandbox\Sandbox\Sandbox.csproj", "{4ECFFFFE-29A2-4443-AE3C-C63F832553AB}"
EndProject
Global
	GlobalSection(SolutionConfigurationPlatforms) = preSolution
		Debug|Any CPU = Debug|Any CPU
		Release|Any CPU = Release|Any CPU
	EndGlobalSection
	GlobalSection(ProjectConfigurationPlatforms) = postSolution
		{5CEF926F-9C6D-485C-BE9F-EE71E4EA7DC1}.Debug|Any CPU.ActiveCfg = Debug|Any CPU
		{5CEF926F-9C6D-485C-BE9F-EE71E4EA7DC1}.Debug|Any CPU.Build.0 = Debug|Any CPU
		{5CEF926F-9C6D-485C-BE9F-EE71E4EA7DC1}.Release|Any CPU.ActiveCfg = Release|Any CPU
		{5CEF926F-9C6D-485C-BE9F-EE71E4EA7DC1}.Release|Any CPU.Build.0 = Release|Any CPU
		{EDEE2F12-7092-4030-BCBE-1CC362511B0C}.Debug|Any CPU.ActiveCfg = Debug|Any CPU
		{EDEE2F12-7092-4030-BCBE-1CC362511B0C}.Debug|Any CPU.Build.0 = Debug|Any CPU
		{EDEE2F12-7092-4030-BCBE-1CC362511B0C}.Release|Any CPU.ActiveCfg = Release|Any CPU
		{EDEE2F12-7092-4030-BCBE-1CC362511B0C}.Release|Any CPU.Build.0 = Release|Any CPU
		{42F1D123-251D-4204-A442-01914AE4C514}.Debug|Any CPU.ActiveCfg = Debug|Any CPU
		{42F1D123-251D-4204-A442-01914AE4C514}.Debug|Any CPU.Build.0 = Debug|Any CPU
		{42F1D123-251D-4204-A442-01914AE4C514}.Release|Any CPU.ActiveCfg = Release|Any CPU
		{42F1D123-251D-4204-A442-01914AE4C514}.Release|Any CPU.Build.0 = Release|Any CPU
		{405EBA16-FFF3-42FA-ADD3-0A924473893B}.Debug|Any CPU.ActiveCfg = Debug|Any CPU
		{405EBA16-FFF3-42FA-ADD3-0A924473893B}.Debug|Any CPU.Build.0 = Debug|Any CPU
		{405EBA16-FFF3-42FA-ADD3-0A924473893B}.Release|Any CPU.ActiveCfg = Release|Any CPU
		{405EBA16-FFF3-42FA-ADD3-0A924473893B}.Release|Any CPU.Build.0 = Release|Any CPU
		{2EB92BE2-9007-446A-A00F-6906492914B2}.Debug|Any CPU.ActiveCfg = Debug|Any CPU
		{2EB92BE2-9007-446A-A00F-6906492914B2}.Debug|Any CPU.Build.0 = Debug|Any CPU
		{2EB92BE2-9007-446A-A00F-6906492914B2}.Release|Any CPU.ActiveCfg = Release|Any CPU
		{2EB92BE2-9007-446A-A00F-6906492914B2}.Release|Any CPU.Build.0 = Release|Any CPU
		{EFFB5FF6-A2F4-49EF-B965-74D89C22C954}.Debug|Any CPU.ActiveCfg = Debug|Any CPU
		{EFFB5FF6-A2F4-49EF-B965-74D89C22C954}.Debug|Any CPU.Build.0 = Debug|Any CPU
		{EFFB5FF6-A2F4-49EF-B965-74D89C22C954}.Release|Any CPU.ActiveCfg = Release|Any CPU
		{EFFB5FF6-A2F4-49EF-B965-74D89C22C954}.Release|Any CPU.Build.0 = Release|Any CPU
		{3EA4C7F8-C1B1-40E9-843D-3B362DE721FF}.Debug|Any CPU.ActiveCfg = Debug|Any CPU
		{3EA4C7F8-C1B1-40E9-843D-3B362DE721FF}.Debug|Any CPU.Build.0 = Debug|Any CPU
		{3EA4C7F8-C1B1-40E9-843D-3B362DE721FF}.Release|Any CPU.ActiveCfg = Release|Any CPU
		{3EA4C7F8-C1B1-40E9-843D-3B362DE721FF}.Release|Any CPU.Build.0 = Release|Any CPU
		{B3096D9A-4DAB-41A3-8F0B-45709CE433D3}.Debug|Any CPU.ActiveCfg = Debug|Any CPU
		{B3096D9A-4DAB-41A3-8F0B-45709CE433D3}.Debug|Any CPU.Build.0 = Debug|Any CPU
		{B3096D9A-4DAB-41A3-8F0B-45709CE433D3}.Release|Any CPU.ActiveCfg = Release|Any CPU
		{B3096D9A-4DAB-41A3-8F0B-45709CE433D3}.Release|Any CPU.Build.0 = Release|Any CPU
		{7A6FBC20-1B4B-47B7-BB22-EE24BC178969}.Debug|Any CPU.ActiveCfg = Debug|Any CPU
		{7A6FBC20-1B4B-47B7-BB22-EE24BC178969}.Debug|Any CPU.Build.0 = Debug|Any CPU
		{7A6FBC20-1B4B-47B7-BB22-EE24BC178969}.Release|Any CPU.ActiveCfg = Release|Any CPU
		{7A6FBC20-1B4B-47B7-BB22-EE24BC178969}.Release|Any CPU.Build.0 = Release|Any CPU
		{C1F87E2E-78EA-4826-B162-B8CE174C990E}.Debug|Any CPU.ActiveCfg = Debug|Any CPU
		{C1F87E2E-78EA-4826-B162-B8CE174C990E}.Debug|Any CPU.Build.0 = Debug|Any CPU
		{C1F87E2E-78EA-4826-B162-B8CE174C990E}.Release|Any CPU.ActiveCfg = Release|Any CPU
		{C1F87E2E-78EA-4826-B162-B8CE174C990E}.Release|Any CPU.Build.0 = Release|Any CPU
		{19B6593D-8051-4E49-8E21-6AC179C2D71F}.Debug|Any CPU.ActiveCfg = Debug|Any CPU
		{19B6593D-8051-4E49-8E21-6AC179C2D71F}.Debug|Any CPU.Build.0 = Debug|Any CPU
		{19B6593D-8051-4E49-8E21-6AC179C2D71F}.Release|Any CPU.ActiveCfg = Release|Any CPU
		{19B6593D-8051-4E49-8E21-6AC179C2D71F}.Release|Any CPU.Build.0 = Release|Any CPU
		{AB4F65F1-A6C2-44D3-A132-930F02EC5E8C}.Debug|Any CPU.ActiveCfg = Debug|Any CPU
		{AB4F65F1-A6C2-44D3-A132-930F02EC5E8C}.Debug|Any CPU.Build.0 = Debug|Any CPU
		{AB4F65F1-A6C2-44D3-A132-930F02EC5E8C}.Release|Any CPU.ActiveCfg = Release|Any CPU
		{AB4F65F1-A6C2-44D3-A132-930F02EC5E8C}.Release|Any CPU.Build.0 = Release|Any CPU
		{CA67C551-0F36-478B-B1F8-75DE90403F87}.Debug|Any CPU.ActiveCfg = Debug|Any CPU
		{CA67C551-0F36-478B-B1F8-75DE90403F87}.Debug|Any CPU.Build.0 = Debug|Any CPU
		{CA67C551-0F36-478B-B1F8-75DE90403F87}.Release|Any CPU.ActiveCfg = Release|Any CPU
		{CA67C551-0F36-478B-B1F8-75DE90403F87}.Release|Any CPU.Build.0 = Release|Any CPU
		{53520689-3D87-478A-A61C-479FAF281F7D}.Debug|Any CPU.ActiveCfg = Debug|Any CPU
		{53520689-3D87-478A-A61C-479FAF281F7D}.Debug|Any CPU.Build.0 = Debug|Any CPU
		{53520689-3D87-478A-A61C-479FAF281F7D}.Release|Any CPU.ActiveCfg = Release|Any CPU
		{53520689-3D87-478A-A61C-479FAF281F7D}.Release|Any CPU.Build.0 = Release|Any CPU
		{088DEBFE-182C-415A-846E-A3A571AE1016}.Debug|Any CPU.ActiveCfg = Debug|Any CPU
		{088DEBFE-182C-415A-846E-A3A571AE1016}.Debug|Any CPU.Build.0 = Debug|Any CPU
		{088DEBFE-182C-415A-846E-A3A571AE1016}.Release|Any CPU.ActiveCfg = Release|Any CPU
		{088DEBFE-182C-415A-846E-A3A571AE1016}.Release|Any CPU.Build.0 = Release|Any CPU
		{47151CD4-766A-4F94-9786-8F4ACEE3A61B}.Debug|Any CPU.ActiveCfg = Debug|Any CPU
		{47151CD4-766A-4F94-9786-8F4ACEE3A61B}.Debug|Any CPU.Build.0 = Debug|Any CPU
		{47151CD4-766A-4F94-9786-8F4ACEE3A61B}.Release|Any CPU.ActiveCfg = Release|Any CPU
		{47151CD4-766A-4F94-9786-8F4ACEE3A61B}.Release|Any CPU.Build.0 = Release|Any CPU
		{70F64495-23C4-4087-8090-AEE1CDED10AB}.Debug|Any CPU.ActiveCfg = Debug|Any CPU
		{70F64495-23C4-4087-8090-AEE1CDED10AB}.Debug|Any CPU.Build.0 = Debug|Any CPU
		{70F64495-23C4-4087-8090-AEE1CDED10AB}.Release|Any CPU.ActiveCfg = Release|Any CPU
		{70F64495-23C4-4087-8090-AEE1CDED10AB}.Release|Any CPU.Build.0 = Release|Any CPU
		{2C2E0F24-A038-4987-81DF-0ED04CDB29CD}.Debug|Any CPU.ActiveCfg = Debug|Any CPU
		{2C2E0F24-A038-4987-81DF-0ED04CDB29CD}.Debug|Any CPU.Build.0 = Debug|Any CPU
		{2C2E0F24-A038-4987-81DF-0ED04CDB29CD}.Release|Any CPU.ActiveCfg = Release|Any CPU
		{2C2E0F24-A038-4987-81DF-0ED04CDB29CD}.Release|Any CPU.Build.0 = Release|Any CPU
		{4ECFFFFE-29A2-4443-AE3C-C63F832553AB}.Debug|Any CPU.ActiveCfg = Debug|Any CPU
		{4ECFFFFE-29A2-4443-AE3C-C63F832553AB}.Debug|Any CPU.Build.0 = Debug|Any CPU
		{4ECFFFFE-29A2-4443-AE3C-C63F832553AB}.Release|Any CPU.ActiveCfg = Release|Any CPU
		{4ECFFFFE-29A2-4443-AE3C-C63F832553AB}.Release|Any CPU.Build.0 = Release|Any CPU
	EndGlobalSection
	GlobalSection(SolutionProperties) = preSolution
		HideSolutionNode = FALSE
	EndGlobalSection
	GlobalSection(NestedProjects) = preSolution
		{5CEF926F-9C6D-485C-BE9F-EE71E4EA7DC1} = {F3FF9BF5-F255-4246-B2B0-CCF98C9823A4}
		{EDEE2F12-7092-4030-BCBE-1CC362511B0C} = {F3FF9BF5-F255-4246-B2B0-CCF98C9823A4}
		{42F1D123-251D-4204-A442-01914AE4C514} = {F3FF9BF5-F255-4246-B2B0-CCF98C9823A4}
		{405EBA16-FFF3-42FA-ADD3-0A924473893B} = {F3FF9BF5-F255-4246-B2B0-CCF98C9823A4}
		{2EB92BE2-9007-446A-A00F-6906492914B2} = {F3FF9BF5-F255-4246-B2B0-CCF98C9823A4}
		{EFFB5FF6-A2F4-49EF-B965-74D89C22C954} = {B468635D-AAC5-4D6E-804C-3F745908D8F0}
		{3EA4C7F8-C1B1-40E9-843D-3B362DE721FF} = {B468635D-AAC5-4D6E-804C-3F745908D8F0}
		{B3096D9A-4DAB-41A3-8F0B-45709CE433D3} = {B468635D-AAC5-4D6E-804C-3F745908D8F0}
		{7A6FBC20-1B4B-47B7-BB22-EE24BC178969} = {B468635D-AAC5-4D6E-804C-3F745908D8F0}
		{C1F87E2E-78EA-4826-B162-B8CE174C990E} = {B468635D-AAC5-4D6E-804C-3F745908D8F0}
		{19B6593D-8051-4E49-8E21-6AC179C2D71F} = {8CFB539F-CFB5-415C-89A8-44ADE730782A}
		{AB4F65F1-A6C2-44D3-A132-930F02EC5E8C} = {8CFB539F-CFB5-415C-89A8-44ADE730782A}
		{CA67C551-0F36-478B-B1F8-75DE90403F87} = {8CFB539F-CFB5-415C-89A8-44ADE730782A}
		{53520689-3D87-478A-A61C-479FAF281F7D} = {8CFB539F-CFB5-415C-89A8-44ADE730782A}
		{088DEBFE-182C-415A-846E-A3A571AE1016} = {BD716F51-5781-4AFA-8236-2D765C2678B6}
		{47151CD4-766A-4F94-9786-8F4ACEE3A61B} = {BD716F51-5781-4AFA-8236-2D765C2678B6}
		{70F64495-23C4-4087-8090-AEE1CDED10AB} = {BD716F51-5781-4AFA-8236-2D765C2678B6}
		{2C2E0F24-A038-4987-81DF-0ED04CDB29CD} = {BD716F51-5781-4AFA-8236-2D765C2678B6}
		{4ECFFFFE-29A2-4443-AE3C-C63F832553AB} = {4461BFFB-F6E1-4977-9B64-FFC63E30FA35}
	EndGlobalSection
	GlobalSection(ExtensibilityGlobals) = postSolution
		SolutionGuid = {B502DEE7-EB83-4309-9727-F74DAED9AD01}
	EndGlobalSection
EndGlobal
